
Microsoft Visual Studio Solution File, Format Version 12.00
# Visual Studio Version 16
VisualStudioVersion = 16.0.30907.101
MinimumVisualStudioVersion = 10.0.40219.1
Project("{9A19103F-16F7-4668-BE54-9A1E7A4F7556}") = "azure-functions-dotnet-quickstart", "azure-functions-dotnet-quickstart\azure-functions-dotnet-quickstart.csproj", "{80CE7B78-122D-4B54-9D1F-400643250B25}"
EndProject
Global
	GlobalSection(SolutionConfigurationPlatforms) = preSolution
		Debug|Any CPU = Debug|Any CPU
		Release|Any CPU = Release|Any CPU
	EndGlobalSection
	GlobalSection(ProjectConfigurationPlatforms) = postSolution
		{80CE7B78-122D-4B54-9D1F-400643250B25}.Debug|Any CPU.ActiveCfg = Debug|Any CPU
		{80CE7B78-122D-4B54-9D1F-400643250B25}.Debug|Any CPU.Build.0 = Debug|Any CPU
		{80CE7B78-122D-4B54-9D1F-400643250B25}.Release|Any CPU.ActiveCfg = Release|Any CPU
		{80CE7B78-122D-4B54-9D1F-400643250B25}.Release|Any CPU.Build.0 = Release|Any CPU
	EndGlobalSection
	GlobalSection(SolutionProperties) = preSolution
		HideSolutionNode = FALSE
	EndGlobalSection
	GlobalSection(ExtensibilityGlobals) = postSolution
		SolutionGuid = {C2C29860-0093-448A-B7B3-1A3331DD2443}
	EndGlobalSection
EndGlobal
